
Microsoft Visual Studio Solution File, Format Version 12.00
# Visual Studio Version 16
VisualStudioVersion = 16.0.30907.101
MinimumVisualStudioVersion = 10.0.40219.1
Project("{FAE04EC0-301F-11D3-BF4B-00C04F79EFBC}") = "Scope", "Scope\Scope.csproj", "{29FBE385-575F-4E50-875C-509B35116C01}"
EndProject
Global
	GlobalSection(SolutionConfigurationPlatforms) = preSolution
		Debug|Any CPU = Debug|Any CPU
		Release|Any CPU = Release|Any CPU
	EndGlobalSection
	GlobalSection(ProjectConfigurationPlatforms) = postSolution
		{29FBE385-575F-4E50-875C-509B35116C01}.Debug|Any CPU.ActiveCfg = Debug|Any CPU
		{29FBE385-575F-4E50-875C-509B35116C01}.Debug|Any CPU.Build.0 = Debug|Any CPU
		{29FBE385-575F-4E50-875C-509B35116C01}.Release|Any CPU.ActiveCfg = Release|Any CPU
		{29FBE385-575F-4E50-875C-509B35116C01}.Release|Any CPU.Build.0 = Release|Any CPU
	EndGlobalSection
	GlobalSection(SolutionProperties) = preSolution
		HideSolutionNode = FALSE
	EndGlobalSection
	GlobalSection(ExtensibilityGlobals) = postSolution
		SolutionGuid = {7DE2A021-C2C7-4BFB-B024-987BFC8EF1EA}
	EndGlobalSection
EndGlobal
