
Microsoft Visual Studio Solution File, Format Version 12.00
# Visual Studio Version 16
VisualStudioVersion = 16.0.30907.101
MinimumVisualStudioVersion = 10.0.40219.1
Project("{FAE04EC0-301F-11D3-BF4B-00C04F79EFBC}") = "QuestFactory", "QuestFactory\QuestFactory.csproj", "{F3F7DC0F-30B6-46F4-AED0-03898BD0F6FA}"
EndProject
Global
	GlobalSection(SolutionConfigurationPlatforms) = preSolution
		Debug|Any CPU = Debug|Any CPU
		Release|Any CPU = Release|Any CPU
	EndGlobalSection
	GlobalSection(ProjectConfigurationPlatforms) = postSolution
		{F3F7DC0F-30B6-46F4-AED0-03898BD0F6FA}.Debug|Any CPU.ActiveCfg = Debug|Any CPU
		{F3F7DC0F-30B6-46F4-AED0-03898BD0F6FA}.Debug|Any CPU.Build.0 = Debug|Any CPU
		{F3F7DC0F-30B6-46F4-AED0-03898BD0F6FA}.Release|Any CPU.ActiveCfg = Release|Any CPU
		{F3F7DC0F-30B6-46F4-AED0-03898BD0F6FA}.Release|Any CPU.Build.0 = Release|Any CPU
	EndGlobalSection
	GlobalSection(SolutionProperties) = preSolution
		HideSolutionNode = FALSE
	EndGlobalSection
	GlobalSection(ExtensibilityGlobals) = postSolution
		SolutionGuid = {0FDD79F5-ADE8-4EC9-95BC-6E1CA15F8E38}
	EndGlobalSection
EndGlobal
